// !$*UTF8*$!
{
	archiveVersion = 1;
	classes = {
	};
	objectVersion = 46;
	objects = {

/* Begin PBXBuildFile section */
		1F0158D118F09B8A00632233 /* Foundation.framework in Frameworks */ = {isa = PBXBuildFile; fileRef = 1F0158D018F09B8A00632233 /* Foundation.framework */; };
		1F0158D318F09B8A00632233 /* CoreGraphics.framework in Frameworks */ = {isa = PBXBuildFile; fileRef = 1F0158D218F09B8A00632233 /* CoreGraphics.framework */; };
		1F0158D518F09B8A00632233 /* UIKit.framework in Frameworks */ = {isa = PBXBuildFile; fileRef = 1F0158D418F09B8A00632233 /* UIKit.framework */; };
		1F0158DB18F09B8A00632233 /* InfoPlist.strings in Resources */ = {isa = PBXBuildFile; fileRef = 1F0158D918F09B8A00632233 /* InfoPlist.strings */; };
		1F0158DD18F09B8A00632233 /* main.m in Sources */ = {isa = PBXBuildFile; fileRef = 1F0158DC18F09B8A00632233 /* main.m */; };
		1F0158E118F09B8A00632233 /* AppDelegate.m in Sources */ = {isa = PBXBuildFile; fileRef = 1F0158E018F09B8A00632233 /* AppDelegate.m */; };
		1F0158E418F09B8A00632233 /* Main.storyboard in Resources */ = {isa = PBXBuildFile; fileRef = 1F0158E218F09B8A00632233 /* Main.storyboard */; };
		1F0158E918F09B8A00632233 /* Images.xcassets in Resources */ = {isa = PBXBuildFile; fileRef = 1F0158E818F09B8A00632233 /* Images.xcassets */; };
		1F0158F018F09B8A00632233 /* XCTest.framework in Frameworks */ = {isa = PBXBuildFile; fileRef = 1F0158EF18F09B8A00632233 /* XCTest.framework */; };
		1F0158F118F09B8A00632233 /* Foundation.framework in Frameworks */ = {isa = PBXBuildFile; fileRef = 1F0158D018F09B8A00632233 /* Foundation.framework */; };
		1F0158F218F09B8A00632233 /* UIKit.framework in Frameworks */ = {isa = PBXBuildFile; fileRef = 1F0158D418F09B8A00632233 /* UIKit.framework */; };
		1F96D2DD18F0ECD60015E98F /* CategoriesViewViewController.m in Sources */ = {isa = PBXBuildFile; fileRef = 1F96D2DC18F0ECD60015E98F /* CategoriesViewViewController.m */; };
		1F96D2E118F0F3380015E98F /* OngoingTaskViewController.m in Sources */ = {isa = PBXBuildFile; fileRef = 1F96D2E018F0F3380015E98F /* OngoingTaskViewController.m */; };
		1FE9E52418F0BAE000770229 /* DataController.m in Sources */ = {isa = PBXBuildFile; fileRef = 1FE9E52318F0BAE000770229 /* DataController.m */; };
		1FE9E52818F0C2BB00770229 /* TimeViewViewController.m in Sources */ = {isa = PBXBuildFile; fileRef = 1FE9E52718F0C2BB00770229 /* TimeViewViewController.m */; };
		A4F8C44718F0A74600BF24B4 /* LoginViewController.m in Sources */ = {isa = PBXBuildFile; fileRef = A4F8C44418F0A74600BF24B4 /* LoginViewController.m */; };
		A4F8C44818F0A74600BF24B4 /* customizedLoginViewController.m in Sources */ = {isa = PBXBuildFile; fileRef = A4F8C44618F0A74600BF24B4 /* customizedLoginViewController.m */; };
		A4F8C44A18F0AB2E00BF24B4 /* 1.jpg in Resources */ = {isa = PBXBuildFile; fileRef = A4F8C44918F0AB2E00BF24B4 /* 1.jpg */; };
		CD735E2D9E0C47C4B0B417E4 /* libPods.a in Frameworks */ = {isa = PBXBuildFile; fileRef = 2C9ABF5DB0EE4737BE3F7F2B /* libPods.a */; };
/* End PBXBuildFile section */

/* Begin PBXContainerItemProxy section */
		1F0158F318F09B8A00632233 /* PBXContainerItemProxy */ = {
			isa = PBXContainerItemProxy;
			containerPortal = 1F0158C518F09B8A00632233 /* Project object */;
			proxyType = 1;
			remoteGlobalIDString = 1F0158CC18F09B8A00632233;
			remoteInfo = consequences;
		};
/* End PBXContainerItemProxy section */

/* Begin PBXFileReference section */
		108E47C16B534A0EA26E5F46 /* Pods.xcconfig */ = {isa = PBXFileReference; includeInIndex = 1; lastKnownFileType = text.xcconfig; name = Pods.xcconfig; path = Pods/Pods.xcconfig; sourceTree = "<group>"; };
		1F0158CD18F09B8A00632233 /* consequences.app */ = {isa = PBXFileReference; explicitFileType = wrapper.application; includeInIndex = 0; path = consequences.app; sourceTree = BUILT_PRODUCTS_DIR; };
		1F0158D018F09B8A00632233 /* Foundation.framework */ = {isa = PBXFileReference; lastKnownFileType = wrapper.framework; name = Foundation.framework; path = System/Library/Frameworks/Foundation.framework; sourceTree = SDKROOT; };
		1F0158D218F09B8A00632233 /* CoreGraphics.framework */ = {isa = PBXFileReference; lastKnownFileType = wrapper.framework; name = CoreGraphics.framework; path = System/Library/Frameworks/CoreGraphics.framework; sourceTree = SDKROOT; };
		1F0158D418F09B8A00632233 /* UIKit.framework */ = {isa = PBXFileReference; lastKnownFileType = wrapper.framework; name = UIKit.framework; path = System/Library/Frameworks/UIKit.framework; sourceTree = SDKROOT; };
		1F0158D818F09B8A00632233 /* consequences-Info.plist */ = {isa = PBXFileReference; lastKnownFileType = text.plist.xml; path = "consequences-Info.plist"; sourceTree = "<group>"; };
		1F0158DA18F09B8A00632233 /* en */ = {isa = PBXFileReference; lastKnownFileType = text.plist.strings; name = en; path = en.lproj/InfoPlist.strings; sourceTree = "<group>"; };
		1F0158DC18F09B8A00632233 /* main.m */ = {isa = PBXFileReference; lastKnownFileType = sourcecode.c.objc; path = main.m; sourceTree = "<group>"; };
		1F0158DE18F09B8A00632233 /* consequences-Prefix.pch */ = {isa = PBXFileReference; lastKnownFileType = sourcecode.c.h; path = "consequences-Prefix.pch"; sourceTree = "<group>"; };
		1F0158DF18F09B8A00632233 /* AppDelegate.h */ = {isa = PBXFileReference; lastKnownFileType = sourcecode.c.h; path = AppDelegate.h; sourceTree = "<group>"; };
		1F0158E018F09B8A00632233 /* AppDelegate.m */ = {isa = PBXFileReference; lastKnownFileType = sourcecode.c.objc; path = AppDelegate.m; sourceTree = "<group>"; };
		1F0158E318F09B8A00632233 /* Base */ = {isa = PBXFileReference; lastKnownFileType = file.storyboard; name = Base; path = Base.lproj/Main.storyboard; sourceTree = "<group>"; };
		1F0158E818F09B8A00632233 /* Images.xcassets */ = {isa = PBXFileReference; lastKnownFileType = folder.assetcatalog; path = Images.xcassets; sourceTree = "<group>"; };
		1F0158EE18F09B8A00632233 /* consequencesTests.xctest */ = {isa = PBXFileReference; explicitFileType = wrapper.cfbundle; includeInIndex = 0; path = consequencesTests.xctest; sourceTree = BUILT_PRODUCTS_DIR; };
		1F0158EF18F09B8A00632233 /* XCTest.framework */ = {isa = PBXFileReference; lastKnownFileType = wrapper.framework; name = XCTest.framework; path = Library/Frameworks/XCTest.framework; sourceTree = DEVELOPER_DIR; };
		1F96D2DB18F0ECD60015E98F /* CategoriesViewViewController.h */ = {isa = PBXFileReference; fileEncoding = 4; lastKnownFileType = sourcecode.c.h; name = CategoriesViewViewController.h; path = "Categories View/CategoriesViewViewController.h"; sourceTree = "<group>"; };
		1F96D2DC18F0ECD60015E98F /* CategoriesViewViewController.m */ = {isa = PBXFileReference; fileEncoding = 4; lastKnownFileType = sourcecode.c.objc; name = CategoriesViewViewController.m; path = "Categories View/CategoriesViewViewController.m"; sourceTree = "<group>"; };
		1F96D2DF18F0F3380015E98F /* OngoingTaskViewController.h */ = {isa = PBXFileReference; fileEncoding = 4; lastKnownFileType = sourcecode.c.h; name = OngoingTaskViewController.h; path = "Ongoing Task/OngoingTaskViewController.h"; sourceTree = "<group>"; };
		1F96D2E018F0F3380015E98F /* OngoingTaskViewController.m */ = {isa = PBXFileReference; fileEncoding = 4; lastKnownFileType = sourcecode.c.objc; name = OngoingTaskViewController.m; path = "Ongoing Task/OngoingTaskViewController.m"; sourceTree = "<group>"; };
		1FE9E52218F0BAE000770229 /* DataController.h */ = {isa = PBXFileReference; fileEncoding = 4; lastKnownFileType = sourcecode.c.h; name = DataController.h; path = DataController/DataController.h; sourceTree = "<group>"; };
		1FE9E52318F0BAE000770229 /* DataController.m */ = {isa = PBXFileReference; fileEncoding = 4; lastKnownFileType = sourcecode.c.objc; name = DataController.m; path = DataController/DataController.m; sourceTree = "<group>"; };
		1FE9E52618F0C2BB00770229 /* TimeViewViewController.h */ = {isa = PBXFileReference; fileEncoding = 4; lastKnownFileType = sourcecode.c.h; name = TimeViewViewController.h; path = TimeView/TimeViewViewController.h; sourceTree = "<group>"; };
		1FE9E52718F0C2BB00770229 /* TimeViewViewController.m */ = {isa = PBXFileReference; fileEncoding = 4; lastKnownFileType = sourcecode.c.objc; name = TimeViewViewController.m; path = TimeView/TimeViewViewController.m; sourceTree = "<group>"; };
		2C9ABF5DB0EE4737BE3F7F2B /* libPods.a */ = {isa = PBXFileReference; explicitFileType = archive.ar; includeInIndex = 0; path = libPods.a; sourceTree = BUILT_PRODUCTS_DIR; };
		A4F8C44318F0A74600BF24B4 /* LoginViewController.h */ = {isa = PBXFileReference; fileEncoding = 4; lastKnownFileType = sourcecode.c.h; path = LoginViewController.h; sourceTree = "<group>"; };
		A4F8C44418F0A74600BF24B4 /* LoginViewController.m */ = {isa = PBXFileReference; fileEncoding = 4; lastKnownFileType = sourcecode.c.objc; path = LoginViewController.m; sourceTree = "<group>"; };
		A4F8C44518F0A74600BF24B4 /* customizedLoginViewController.h */ = {isa = PBXFileReference; fileEncoding = 4; lastKnownFileType = sourcecode.c.h; path = customizedLoginViewController.h; sourceTree = "<group>"; };
		A4F8C44618F0A74600BF24B4 /* customizedLoginViewController.m */ = {isa = PBXFileReference; fileEncoding = 4; lastKnownFileType = sourcecode.c.objc; path = customizedLoginViewController.m; sourceTree = "<group>"; };
		A4F8C44918F0AB2E00BF24B4 /* 1.jpg */ = {isa = PBXFileReference; lastKnownFileType = image.jpeg; path = 1.jpg; sourceTree = "<group>"; };
/* End PBXFileReference section */

/* Begin PBXFrameworksBuildPhase section */
		1F0158CA18F09B8A00632233 /* Frameworks */ = {
			isa = PBXFrameworksBuildPhase;
			buildActionMask = 2147483647;
			files = (
				1F0158D318F09B8A00632233 /* CoreGraphics.framework in Frameworks */,
				1F0158D518F09B8A00632233 /* UIKit.framework in Frameworks */,
				1F0158D118F09B8A00632233 /* Foundation.framework in Frameworks */,
				CD735E2D9E0C47C4B0B417E4 /* libPods.a in Frameworks */,
			);
			runOnlyForDeploymentPostprocessing = 0;
		};
		1F0158EB18F09B8A00632233 /* Frameworks */ = {
			isa = PBXFrameworksBuildPhase;
			buildActionMask = 2147483647;
			files = (
				1F0158F018F09B8A00632233 /* XCTest.framework in Frameworks */,
				1F0158F218F09B8A00632233 /* UIKit.framework in Frameworks */,
				1F0158F118F09B8A00632233 /* Foundation.framework in Frameworks */,
			);
			runOnlyForDeploymentPostprocessing = 0;
		};
/* End PBXFrameworksBuildPhase section */

/* Begin PBXGroup section */
		1F0158C418F09B8A00632233 = {
			isa = PBXGroup;
			children = (
				1F0158D618F09B8A00632233 /* consequences */,
				1F0158CF18F09B8A00632233 /* Frameworks */,
				1F0158CE18F09B8A00632233 /* Products */,
				108E47C16B534A0EA26E5F46 /* Pods.xcconfig */,
			);
			sourceTree = "<group>";
		};
		1F0158CE18F09B8A00632233 /* Products */ = {
			isa = PBXGroup;
			children = (
				1F0158CD18F09B8A00632233 /* consequences.app */,
				1F0158EE18F09B8A00632233 /* consequencesTests.xctest */,
			);
			name = Products;
			sourceTree = "<group>";
		};
		1F0158CF18F09B8A00632233 /* Frameworks */ = {
			isa = PBXGroup;
			children = (
				1F0158D018F09B8A00632233 /* Foundation.framework */,
				1F0158D218F09B8A00632233 /* CoreGraphics.framework */,
				1F0158D418F09B8A00632233 /* UIKit.framework */,
				1F0158EF18F09B8A00632233 /* XCTest.framework */,
				2C9ABF5DB0EE4737BE3F7F2B /* libPods.a */,
			);
			name = Frameworks;
			sourceTree = "<group>";
		};
		1F0158D618F09B8A00632233 /* consequences */ = {
			isa = PBXGroup;
			children = (
				1F0158DF18F09B8A00632233 /* AppDelegate.h */,
				1F0158E018F09B8A00632233 /* AppDelegate.m */,
				1F0158E218F09B8A00632233 /* Main.storyboard */,
				1FE9E52518F0BAE400770229 /* Data */,
				A4F8C44B18F0ABAD00BF24B4 /* Login */,
				1F96D2DE18F0ECDA0015E98F /* Categories View */,
				1FE9E52918F0C2CE00770229 /* Time View */,
				1F96D2E218F0F33C0015E98F /* Ongoing task */,
				A4F8C44918F0AB2E00BF24B4 /* 1.jpg */,
				1F0158E818F09B8A00632233 /* Images.xcassets */,
				1F0158D718F09B8A00632233 /* Supporting Files */,
			);
			path = consequences;
			sourceTree = "<group>";
		};
		1F0158D718F09B8A00632233 /* Supporting Files */ = {
			isa = PBXGroup;
			children = (
				1F0158D818F09B8A00632233 /* consequences-Info.plist */,
				1F0158D918F09B8A00632233 /* InfoPlist.strings */,
				1F0158DC18F09B8A00632233 /* main.m */,
				1F0158DE18F09B8A00632233 /* consequences-Prefix.pch */,
			);
			name = "Supporting Files";
			sourceTree = "<group>";
		};
		1F96D2DE18F0ECDA0015E98F /* Categories View */ = {
			isa = PBXGroup;
			children = (
				1F96D2DB18F0ECD60015E98F /* CategoriesViewViewController.h */,
				1F96D2DC18F0ECD60015E98F /* CategoriesViewViewController.m */,
			);
			name = "Categories View";
			sourceTree = "<group>";
		};
		1F96D2E218F0F33C0015E98F /* Ongoing task */ = {
			isa = PBXGroup;
			children = (
				1F96D2DF18F0F3380015E98F /* OngoingTaskViewController.h */,
				1F96D2E018F0F3380015E98F /* OngoingTaskViewController.m */,
			);
			name = "Ongoing task";
			sourceTree = "<group>";
		};
		1FE9E52518F0BAE400770229 /* Data */ = {
			isa = PBXGroup;
			children = (
				1FE9E52218F0BAE000770229 /* DataController.h */,
				1FE9E52318F0BAE000770229 /* DataController.m */,
			);
			name = Data;
			sourceTree = "<group>";
		};
		1FE9E52918F0C2CE00770229 /* Time View */ = {
			isa = PBXGroup;
			children = (
				1FE9E52618F0C2BB00770229 /* TimeViewViewController.h */,
				1FE9E52718F0C2BB00770229 /* TimeViewViewController.m */,
			);
			name = "Time View";
			sourceTree = "<group>";
		};
		A4F8C44B18F0ABAD00BF24B4 /* Login */ = {
			isa = PBXGroup;
			children = (
				A4F8C44318F0A74600BF24B4 /* LoginViewController.h */,
				A4F8C44418F0A74600BF24B4 /* LoginViewController.m */,
				A4F8C44518F0A74600BF24B4 /* customizedLoginViewController.h */,
				A4F8C44618F0A74600BF24B4 /* customizedLoginViewController.m */,
			);
			name = Login;
			sourceTree = "<group>";
		};
/* End PBXGroup section */

/* Begin PBXNativeTarget section */
		1F0158CC18F09B8A00632233 /* consequences */ = {
			isa = PBXNativeTarget;
			buildConfigurationList = 1F0158FF18F09B8A00632233 /* Build configuration list for PBXNativeTarget "consequences" */;
			buildPhases = (
				01D96381197A4D53BB827106 /* Check Pods Manifest.lock */,
				1F0158C918F09B8A00632233 /* Sources */,
				1F0158CA18F09B8A00632233 /* Frameworks */,
				1F0158CB18F09B8A00632233 /* Resources */,
				FB72933942174A5D83EDF23A /* Copy Pods Resources */,
			);
			buildRules = (
			);
			dependencies = (
			);
			name = consequences;
			productName = consequences;
			productReference = 1F0158CD18F09B8A00632233 /* consequences.app */;
			productType = "com.apple.product-type.application";
		};
		1F0158ED18F09B8A00632233 /* consequencesTests */ = {
			isa = PBXNativeTarget;
			buildConfigurationList = 1F01590218F09B8A00632233 /* Build configuration list for PBXNativeTarget "consequencesTests" */;
			buildPhases = (
				1F0158EA18F09B8A00632233 /* Sources */,
				1F0158EB18F09B8A00632233 /* Frameworks */,
				1F0158EC18F09B8A00632233 /* Resources */,
			);
			buildRules = (
			);
			dependencies = (
				1F0158F418F09B8A00632233 /* PBXTargetDependency */,
			);
			name = consequencesTests;
			productName = consequencesTests;
			productReference = 1F0158EE18F09B8A00632233 /* consequencesTests.xctest */;
			productType = "com.apple.product-type.bundle.unit-test";
		};
/* End PBXNativeTarget section */

/* Begin PBXProject section */
		1F0158C518F09B8A00632233 /* Project object */ = {
			isa = PBXProject;
			attributes = {
				LastUpgradeCheck = 0510;
				ORGANIZATIONNAME = "Geoffroy Lesage";
				TargetAttributes = {
					1F0158CC18F09B8A00632233 = {
						DevelopmentTeam = 2PSRTJAVRK;
					};
					1F0158ED18F09B8A00632233 = {
						TestTargetID = 1F0158CC18F09B8A00632233;
					};
				};
			};
			buildConfigurationList = 1F0158C818F09B8A00632233 /* Build configuration list for PBXProject "consequences" */;
			compatibilityVersion = "Xcode 3.2";
			developmentRegion = English;
			hasScannedForEncodings = 0;
			knownRegions = (
				en,
				Base,
			);
			mainGroup = 1F0158C418F09B8A00632233;
			productRefGroup = 1F0158CE18F09B8A00632233 /* Products */;
			projectDirPath = "";
			projectRoot = "";
			targets = (
				1F0158CC18F09B8A00632233 /* consequences */,
				1F0158ED18F09B8A00632233 /* consequencesTests */,
			);
		};
/* End PBXProject section */

/* Begin PBXResourcesBuildPhase section */
		1F0158CB18F09B8A00632233 /* Resources */ = {
			isa = PBXResourcesBuildPhase;
			buildActionMask = 2147483647;
			files = (
				1F0158E918F09B8A00632233 /* Images.xcassets in Resources */,
				A4F8C44A18F0AB2E00BF24B4 /* 1.jpg in Resources */,
				1F0158DB18F09B8A00632233 /* InfoPlist.strings in Resources */,
				1F0158E418F09B8A00632233 /* Main.storyboard in Resources */,
			);
			runOnlyForDeploymentPostprocessing = 0;
		};
		1F0158EC18F09B8A00632233 /* Resources */ = {
			isa = PBXResourcesBuildPhase;
			buildActionMask = 2147483647;
			files = (
			);
			runOnlyForDeploymentPostprocessing = 0;
		};
/* End PBXResourcesBuildPhase section */

/* Begin PBXShellScriptBuildPhase section */
		01D96381197A4D53BB827106 /* Check Pods Manifest.lock */ = {
			isa = PBXShellScriptBuildPhase;
			buildActionMask = 2147483647;
			files = (
			);
			inputPaths = (
			);
			name = "Check Pods Manifest.lock";
			outputPaths = (
			);
			runOnlyForDeploymentPostprocessing = 0;
			shellPath = /bin/sh;
			shellScript = "diff \"${PODS_ROOT}/../Podfile.lock\" \"${PODS_ROOT}/Manifest.lock\" > /dev/null\nif [[ $? != 0 ]] ; then\n    cat << EOM\nerror: The sandbox is not in sync with the Podfile.lock. Run 'pod install' or update your CocoaPods installation.\nEOM\n    exit 1\nfi\n";
			showEnvVarsInLog = 0;
		};
		FB72933942174A5D83EDF23A /* Copy Pods Resources */ = {
			isa = PBXShellScriptBuildPhase;
			buildActionMask = 2147483647;
			files = (
			);
			inputPaths = (
			);
			name = "Copy Pods Resources";
			outputPaths = (
			);
			runOnlyForDeploymentPostprocessing = 0;
			shellPath = /bin/sh;
			shellScript = "\"${SRCROOT}/Pods/Pods-resources.sh\"\n";
			showEnvVarsInLog = 0;
		};
/* End PBXShellScriptBuildPhase section */

/* Begin PBXSourcesBuildPhase section */
		1F0158C918F09B8A00632233 /* Sources */ = {
			isa = PBXSourcesBuildPhase;
			buildActionMask = 2147483647;
			files = (
				1FE9E52818F0C2BB00770229 /* TimeViewViewController.m in Sources */,
				1F96D2E118F0F3380015E98F /* OngoingTaskViewController.m in Sources */,
				A4F8C44718F0A74600BF24B4 /* LoginViewController.m in Sources */,
				1F0158E118F09B8A00632233 /* AppDelegate.m in Sources */,
				A4F8C44818F0A74600BF24B4 /* customizedLoginViewController.m in Sources */,
				1FE9E52418F0BAE000770229 /* DataController.m in Sources */,
				1F0158DD18F09B8A00632233 /* main.m in Sources */,
				1F96D2DD18F0ECD60015E98F /* CategoriesViewViewController.m in Sources */,
			);
			runOnlyForDeploymentPostprocessing = 0;
		};
		1F0158EA18F09B8A00632233 /* Sources */ = {
			isa = PBXSourcesBuildPhase;
			buildActionMask = 2147483647;
			files = (
			);
			runOnlyForDeploymentPostprocessing = 0;
		};
/* End PBXSourcesBuildPhase section */

/* Begin PBXTargetDependency section */
		1F0158F418F09B8A00632233 /* PBXTargetDependency */ = {
			isa = PBXTargetDependency;
			target = 1F0158CC18F09B8A00632233 /* consequences */;
			targetProxy = 1F0158F318F09B8A00632233 /* PBXContainerItemProxy */;
		};
/* End PBXTargetDependency section */

/* Begin PBXVariantGroup section */
		1F0158D918F09B8A00632233 /* InfoPlist.strings */ = {
			isa = PBXVariantGroup;
			children = (
				1F0158DA18F09B8A00632233 /* en */,
			);
			name = InfoPlist.strings;
			sourceTree = "<group>";
		};
		1F0158E218F09B8A00632233 /* Main.storyboard */ = {
			isa = PBXVariantGroup;
			children = (
				1F0158E318F09B8A00632233 /* Base */,
			);
			name = Main.storyboard;
			sourceTree = "<group>";
		};
/* End PBXVariantGroup section */

/* Begin XCBuildConfiguration section */
		1F0158FD18F09B8A00632233 /* Debug */ = {
			isa = XCBuildConfiguration;
			buildSettings = {
				ALWAYS_SEARCH_USER_PATHS = NO;
				CLANG_CXX_LANGUAGE_STANDARD = "gnu++0x";
				CLANG_CXX_LIBRARY = "libc++";
				CLANG_ENABLE_MODULES = YES;
				CLANG_ENABLE_OBJC_ARC = YES;
				CLANG_WARN_BOOL_CONVERSION = YES;
				CLANG_WARN_CONSTANT_CONVERSION = YES;
				CLANG_WARN_DIRECT_OBJC_ISA_USAGE = YES_ERROR;
				CLANG_WARN_EMPTY_BODY = YES;
				CLANG_WARN_ENUM_CONVERSION = YES;
				CLANG_WARN_INT_CONVERSION = YES;
				CLANG_WARN_OBJC_ROOT_CLASS = YES_ERROR;
				CLANG_WARN__DUPLICATE_METHOD_MATCH = YES;
				"CODE_SIGN_IDENTITY[sdk=iphoneos*]" = "iPhone Developer";
				COPY_PHASE_STRIP = NO;
				GCC_C_LANGUAGE_STANDARD = gnu99;
				GCC_DYNAMIC_NO_PIC = NO;
				GCC_OPTIMIZATION_LEVEL = 0;
				GCC_PREPROCESSOR_DEFINITIONS = (
					"DEBUG=1",
					"$(inherited)",
				);
				GCC_SYMBOLS_PRIVATE_EXTERN = NO;
				GCC_WARN_64_TO_32_BIT_CONVERSION = YES;
				GCC_WARN_ABOUT_RETURN_TYPE = YES_ERROR;
				GCC_WARN_UNDECLARED_SELECTOR = YES;
				GCC_WARN_UNINITIALIZED_AUTOS = YES_AGGRESSIVE;
				GCC_WARN_UNUSED_FUNCTION = YES;
				GCC_WARN_UNUSED_VARIABLE = YES;
				IPHONEOS_DEPLOYMENT_TARGET = 7.1;
				ONLY_ACTIVE_ARCH = YES;
				SDKROOT = iphoneos;
			};
			name = Debug;
		};
		1F0158FE18F09B8A00632233 /* Release */ = {
			isa = XCBuildConfiguration;
			buildSettings = {
				ALWAYS_SEARCH_USER_PATHS = NO;
				CLANG_CXX_LANGUAGE_STANDARD = "gnu++0x";
				CLANG_CXX_LIBRARY = "libc++";
				CLANG_ENABLE_MODULES = YES;
				CLANG_ENABLE_OBJC_ARC = YES;
				CLANG_WARN_BOOL_CONVERSION = YES;
				CLANG_WARN_CONSTANT_CONVERSION = YES;
				CLANG_WARN_DIRECT_OBJC_ISA_USAGE = YES_ERROR;
				CLANG_WARN_EMPTY_BODY = YES;
				CLANG_WARN_ENUM_CONVERSION = YES;
				CLANG_WARN_INT_CONVERSION = YES;
				CLANG_WARN_OBJC_ROOT_CLASS = YES_ERROR;
				CLANG_WARN__DUPLICATE_METHOD_MATCH = YES;
				"CODE_SIGN_IDENTITY[sdk=iphoneos*]" = "iPhone Developer";
				COPY_PHASE_STRIP = YES;
				ENABLE_NS_ASSERTIONS = NO;
				GCC_C_LANGUAGE_STANDARD = gnu99;
				GCC_WARN_64_TO_32_BIT_CONVERSION = YES;
				GCC_WARN_ABOUT_RETURN_TYPE = YES_ERROR;
				GCC_WARN_UNDECLARED_SELECTOR = YES;
				GCC_WARN_UNINITIALIZED_AUTOS = YES_AGGRESSIVE;
				GCC_WARN_UNUSED_FUNCTION = YES;
				GCC_WARN_UNUSED_VARIABLE = YES;
				IPHONEOS_DEPLOYMENT_TARGET = 7.1;
				SDKROOT = iphoneos;
				VALIDATE_PRODUCT = YES;
			};
			name = Release;
		};
		1F01590018F09B8A00632233 /* Debug */ = {
			isa = XCBuildConfiguration;
			baseConfigurationReference = 108E47C16B534A0EA26E5F46 /* Pods.xcconfig */;
			buildSettings = {
				ASSETCATALOG_COMPILER_APPICON_NAME = AppIcon;
				ASSETCATALOG_COMPILER_LAUNCHIMAGE_NAME = LaunchImage;
				CODE_SIGN_IDENTITY = "iPhone Developer";
				GCC_PRECOMPILE_PREFIX_HEADER = YES;
				GCC_PREFIX_HEADER = "consequences/consequences-Prefix.pch";
				INFOPLIST_FILE = "consequences/consequences-Info.plist";
				PRODUCT_NAME = "$(TARGET_NAME)";
				WRAPPER_EXTENSION = app;
			};
			name = Debug;
		};
		1F01590118F09B8A00632233 /* Release */ = {
			isa = XCBuildConfiguration;
			baseConfigurationReference = 108E47C16B534A0EA26E5F46 /* Pods.xcconfig */;
			buildSettings = {
				ASSETCATALOG_COMPILER_APPICON_NAME = AppIcon;
				ASSETCATALOG_COMPILER_LAUNCHIMAGE_NAME = LaunchImage;
				CODE_SIGN_IDENTITY = "iPhone Developer";
				GCC_PRECOMPILE_PREFIX_HEADER = YES;
				GCC_PREFIX_HEADER = "consequences/consequences-Prefix.pch";
				INFOPLIST_FILE = "consequences/consequences-Info.plist";
				PRODUCT_NAME = "$(TARGET_NAME)";
				WRAPPER_EXTENSION = app;
			};
			name = Release;
		};
		1F01590318F09B8A00632233 /* Debug */ = {
			isa = XCBuildConfiguration;
			buildSettings = {
				BUNDLE_LOADER = "$(BUILT_PRODUCTS_DIR)/consequences.app/consequences";
				FRAMEWORK_SEARCH_PATHS = (
					"$(SDKROOT)/Developer/Library/Frameworks",
					"$(inherited)",
					"$(DEVELOPER_FRAMEWORKS_DIR)",
				);
				GCC_PRECOMPILE_PREFIX_HEADER = YES;
				GCC_PREFIX_HEADER = "consequences/consequences-Prefix.pch";
				GCC_PREPROCESSOR_DEFINITIONS = (
					"DEBUG=1",
					"$(inherited)",
				);
				INFOPLIST_FILE = "consequencesTests/consequencesTests-Info.plist";
				PRODUCT_NAME = "$(TARGET_NAME)";
				TEST_HOST = "$(BUNDLE_LOADER)";
				WRAPPER_EXTENSION = xctest;
			};
			name = Debug;
		};
		1F01590418F09B8A00632233 /* Release */ = {
			isa = XCBuildConfiguration;
			buildSettings = {
				BUNDLE_LOADER = "$(BUILT_PRODUCTS_DIR)/consequences.app/consequences";
				FRAMEWORK_SEARCH_PATHS = (
					"$(SDKROOT)/Developer/Library/Frameworks",
					"$(inherited)",
					"$(DEVELOPER_FRAMEWORKS_DIR)",
				);
				GCC_PRECOMPILE_PREFIX_HEADER = YES;
				GCC_PREFIX_HEADER = "consequences/consequences-Prefix.pch";
				INFOPLIST_FILE = "consequencesTests/consequencesTests-Info.plist";
				PRODUCT_NAME = "$(TARGET_NAME)";
				TEST_HOST = "$(BUNDLE_LOADER)";
				WRAPPER_EXTENSION = xctest;
			};
			name = Release;
		};
/* End XCBuildConfiguration section */

/* Begin XCConfigurationList section */
		1F0158C818F09B8A00632233 /* Build configuration list for PBXProject "consequences" */ = {
			isa = XCConfigurationList;
			buildConfigurations = (
				1F0158FD18F09B8A00632233 /* Debug */,
				1F0158FE18F09B8A00632233 /* Release */,
			);
			defaultConfigurationIsVisible = 0;
			defaultConfigurationName = Release;
		};
		1F0158FF18F09B8A00632233 /* Build configuration list for PBXNativeTarget "consequences" */ = {
			isa = XCConfigurationList;
			buildConfigurations = (
				1F01590018F09B8A00632233 /* Debug */,
				1F01590118F09B8A00632233 /* Release */,
			);
			defaultConfigurationIsVisible = 0;
			defaultConfigurationName = Release;
		};
		1F01590218F09B8A00632233 /* Build configuration list for PBXNativeTarget "consequencesTests" */ = {
			isa = XCConfigurationList;
			buildConfigurations = (
				1F01590318F09B8A00632233 /* Debug */,
				1F01590418F09B8A00632233 /* Release */,
			);
			defaultConfigurationIsVisible = 0;
			defaultConfigurationName = Release;
		};
/* End XCConfigurationList section */
	};
	rootObject = 1F0158C518F09B8A00632233 /* Project object */;
}
